
Microsoft Visual Studio Solution File, Format Version 12.00
# Visual Studio Version 16
VisualStudioVersion = 16.0.29806.167
MinimumVisualStudioVersion = 10.0.40219.1
Project("{FAE04EC0-301F-11D3-BF4B-00C04F79EFBC}") = "WPFDataApp", "WPFDataApp\WPFDataApp.csproj", "{AEA06BA4-0FB6-4B05-B71D-970BB13E3F55}"
EndProject
Global
	GlobalSection(SolutionConfigurationPlatforms) = preSolution
		Debug|Any CPU = Debug|Any CPU
		Release|Any CPU = Release|Any CPU
	EndGlobalSection
	GlobalSection(ProjectConfigurationPlatforms) = postSolution
		{AEA06BA4-0FB6-4B05-B71D-970BB13E3F55}.Debug|Any CPU.ActiveCfg = Debug|Any CPU
		{AEA06BA4-0FB6-4B05-B71D-970BB13E3F55}.Debug|Any CPU.Build.0 = Debug|Any CPU
		{AEA06BA4-0FB6-4B05-B71D-970BB13E3F55}.Release|Any CPU.ActiveCfg = Release|Any CPU
		{AEA06BA4-0FB6-4B05-B71D-970BB13E3F55}.Release|Any CPU.Build.0 = Release|Any CPU
	EndGlobalSection
	GlobalSection(SolutionProperties) = preSolution
		HideSolutionNode = FALSE
	EndGlobalSection
	GlobalSection(ExtensibilityGlobals) = postSolution
		SolutionGuid = {D6E2EEBD-972C-4963-9008-A86D40D7389A}
	EndGlobalSection
EndGlobal
